// !$*UTF8*$!
{
	archiveVersion = 1;
	classes = {
	};
	objectVersion = 46;
	objects = {

/* Begin PBXBuildFile section */
		34AB06DD1A4B14FE00E11873 /* main.m in Sources */ = {isa = PBXBuildFile; fileRef = 34AB06DC1A4B14FE00E11873 /* main.m */; };
		34AB06E01A4B14FE00E11873 /* AppDelegate.m in Sources */ = {isa = PBXBuildFile; fileRef = 34AB06DF1A4B14FE00E11873 /* AppDelegate.m */; };
		34AB06E31A4B14FE00E11873 /* ViewController.m in Sources */ = {isa = PBXBuildFile; fileRef = 34AB06E21A4B14FE00E11873 /* ViewController.m */; };
		34AB06E61A4B14FE00E11873 /* Main.storyboard in Resources */ = {isa = PBXBuildFile; fileRef = 34AB06E41A4B14FE00E11873 /* Main.storyboard */; };
		34AB06E81A4B14FE00E11873 /* Images.xcassets in Resources */ = {isa = PBXBuildFile; fileRef = 34AB06E71A4B14FE00E11873 /* Images.xcassets */; };
		34AB06EB1A4B14FE00E11873 /* LaunchScreen.xib in Resources */ = {isa = PBXBuildFile; fileRef = 34AB06E91A4B14FE00E11873 /* LaunchScreen.xib */; };
		34AB06F71A4B14FE00E11873 /* Motion_and_ARTests.m in Sources */ = {isa = PBXBuildFile; fileRef = 34AB06F61A4B14FE00E11873 /* Motion_and_ARTests.m */; };
/* End PBXBuildFile section */

/* Begin PBXContainerItemProxy section */
		34AB06F11A4B14FE00E11873 /* PBXContainerItemProxy */ = {
			isa = PBXContainerItemProxy;
			containerPortal = 34AB06CF1A4B14FE00E11873 /* Project object */;
			proxyType = 1;
			remoteGlobalIDString = 34AB06D61A4B14FE00E11873;
			remoteInfo = "Motion and AR";
		};
/* End PBXContainerItemProxy section */

/* Begin PBXFileReference section */
		34AB06D71A4B14FE00E11873 /* Motion and AR.app */ = {isa = PBXFileReference; explicitFileType = wrapper.application; includeInIndex = 0; path = "Motion and AR.app"; sourceTree = BUILT_PRODUCTS_DIR; };
		34AB06DB1A4B14FE00E11873 /* Info.plist */ = {isa = PBXFileReference; lastKnownFileType = text.plist.xml; path = Info.plist; sourceTree = "<group>"; };
		34AB06DC1A4B14FE00E11873 /* main.m */ = {isa = PBXFileReference; lastKnownFileType = sourcecode.c.objc; path = main.m; sourceTree = "<group>"; };
		34AB06DE1A4B14FE00E11873 /* AppDelegate.h */ = {isa = PBXFileReference; lastKnownFileType = sourcecode.c.h; path = AppDelegate.h; sourceTree = "<group>"; };
		34AB06DF1A4B14FE00E11873 /* AppDelegate.m */ = {isa = PBXFileReference; lastKnownFileType = sourcecode.c.objc; path = AppDelegate.m; sourceTree = "<group>"; };
		34AB06E11A4B14FE00E11873 /* ViewController.h */ = {isa = PBXFileReference; lastKnownFileType = sourcecode.c.h; path = ViewController.h; sourceTree = "<group>"; };
		34AB06E21A4B14FE00E11873 /* ViewController.m */ = {isa = PBXFileReference; lastKnownFileType = sourcecode.c.objc; path = ViewController.m; sourceTree = "<group>"; };
		34AB06E51A4B14FE00E11873 /* Base */ = {isa = PBXFileReference; lastKnownFileType = file.storyboard; name = Base; path = Base.lproj/Main.storyboard; sourceTree = "<group>"; };
		34AB06E71A4B14FE00E11873 /* Images.xcassets */ = {isa = PBXFileReference; lastKnownFileType = folder.assetcatalog; path = Images.xcassets; sourceTree = "<group>"; };
		34AB06EA1A4B14FE00E11873 /* Base */ = {isa = PBXFileReference; lastKnownFileType = file.xib; name = Base; path = Base.lproj/LaunchScreen.xib; sourceTree = "<group>"; };
		34AB06F01A4B14FE00E11873 /* Motion and ARTests.xctest */ = {isa = PBXFileReference; explicitFileType = wrapper.cfbundle; includeInIndex = 0; path = "Motion and ARTests.xctest"; sourceTree = BUILT_PRODUCTS_DIR; };
		34AB06F51A4B14FE00E11873 /* Info.plist */ = {isa = PBXFileReference; lastKnownFileType = text.plist.xml; path = Info.plist; sourceTree = "<group>"; };
		34AB06F61A4B14FE00E11873 /* Motion_and_ARTests.m */ = {isa = PBXFileReference; lastKnownFileType = sourcecode.c.objc; path = Motion_and_ARTests.m; sourceTree = "<group>"; };
/* End PBXFileReference section */

/* Begin PBXFrameworksBuildPhase section */
		34AB06D41A4B14FE00E11873 /* Frameworks */ = {
			isa = PBXFrameworksBuildPhase;
			buildActionMask = 2147483647;
			files = (
			);
			runOnlyForDeploymentPostprocessing = 0;
		};
		34AB06ED1A4B14FE00E11873 /* Frameworks */ = {
			isa = PBXFrameworksBuildPhase;
			buildActionMask = 2147483647;
			files = (
			);
			runOnlyForDeploymentPostprocessing = 0;
		};
/* End PBXFrameworksBuildPhase section */

/* Begin PBXGroup section */
		34AB06CE1A4B14FD00E11873 = {
			isa = PBXGroup;
			children = (
				34AB06D91A4B14FE00E11873 /* Motion and AR */,
				34AB06F31A4B14FE00E11873 /* Motion and ARTests */,
				34AB06D81A4B14FE00E11873 /* Products */,
			);
			sourceTree = "<group>";
		};
		34AB06D81A4B14FE00E11873 /* Products */ = {
			isa = PBXGroup;
			children = (
				34AB06D71A4B14FE00E11873 /* Motion and AR.app */,
				34AB06F01A4B14FE00E11873 /* Motion and ARTests.xctest */,
			);
			name = Products;
			sourceTree = "<group>";
		};
		34AB06D91A4B14FE00E11873 /* Motion and AR */ = {
			isa = PBXGroup;
			children = (
				34AB06DE1A4B14FE00E11873 /* AppDelegate.h */,
				34AB06DF1A4B14FE00E11873 /* AppDelegate.m */,
				34AB06E11A4B14FE00E11873 /* ViewController.h */,
				34AB06E21A4B14FE00E11873 /* ViewController.m */,
				34AB06E41A4B14FE00E11873 /* Main.storyboard */,
				34AB06E71A4B14FE00E11873 /* Images.xcassets */,
				34AB06E91A4B14FE00E11873 /* LaunchScreen.xib */,
				34AB06DA1A4B14FE00E11873 /* Supporting Files */,
			);
			path = "Motion and AR";
			sourceTree = "<group>";
		};
		34AB06DA1A4B14FE00E11873 /* Supporting Files */ = {
			isa = PBXGroup;
			children = (
				34AB06DB1A4B14FE00E11873 /* Info.plist */,
				34AB06DC1A4B14FE00E11873 /* main.m */,
			);
			name = "Supporting Files";
			sourceTree = "<group>";
		};
		34AB06F31A4B14FE00E11873 /* Motion and ARTests */ = {
			isa = PBXGroup;
			children = (
				34AB06F61A4B14FE00E11873 /* Motion_and_ARTests.m */,
				34AB06F41A4B14FE00E11873 /* Supporting Files */,
			);
			path = "Motion and ARTests";
			sourceTree = "<group>";
		};
		34AB06F41A4B14FE00E11873 /* Supporting Files */ = {
			isa = PBXGroup;
			children = (
				34AB06F51A4B14FE00E11873 /* Info.plist */,
			);
			name = "Supporting Files";
			sourceTree = "<group>";
		};
/* End PBXGroup section */

/* Begin PBXNativeTarget section */
		34AB06D61A4B14FE00E11873 /* Motion and AR */ = {
			isa = PBXNativeTarget;
			buildConfigurationList = 34AB06FA1A4B14FE00E11873 /* Build configuration list for PBXNativeTarget "Motion and AR" */;
			buildPhases = (
				34AB06D31A4B14FE00E11873 /* Sources */,
				34AB06D41A4B14FE00E11873 /* Frameworks */,
				34AB06D51A4B14FE00E11873 /* Resources */,
			);
			buildRules = (
			);
			dependencies = (
			);
			name = "Motion and AR";
			productName = "Motion and AR";
			productReference = 34AB06D71A4B14FE00E11873 /* Motion and AR.app */;
			productType = "com.apple.product-type.application";
		};
		34AB06EF1A4B14FE00E11873 /* Motion and ARTests */ = {
			isa = PBXNativeTarget;
			buildConfigurationList = 34AB06FD1A4B14FE00E11873 /* Build configuration list for PBXNativeTarget "Motion and ARTests" */;
			buildPhases = (
				34AB06EC1A4B14FE00E11873 /* Sources */,
				34AB06ED1A4B14FE00E11873 /* Frameworks */,
				34AB06EE1A4B14FE00E11873 /* Resources */,
			);
			buildRules = (
			);
			dependencies = (
				34AB06F21A4B14FE00E11873 /* PBXTargetDependency */,
			);
			name = "Motion and ARTests";
			productName = "Motion and ARTests";
			productReference = 34AB06F01A4B14FE00E11873 /* Motion and ARTests.xctest */;
			productType = "com.apple.product-type.bundle.unit-test";
		};
/* End PBXNativeTarget section */

/* Begin PBXProject section */
		34AB06CF1A4B14FE00E11873 /* Project object */ = {
			isa = PBXProject;
			attributes = {
				LastUpgradeCheck = 0610;
				ORGANIZATIONNAME = "Taylor Wright-Sanson";
				TargetAttributes = {
					34AB06D61A4B14FE00E11873 = {
						CreatedOnToolsVersion = 6.1.1;
					};
					34AB06EF1A4B14FE00E11873 = {
						CreatedOnToolsVersion = 6.1.1;
						TestTargetID = 34AB06D61A4B14FE00E11873;
					};
				};
			};
			buildConfigurationList = 34AB06D21A4B14FE00E11873 /* Build configuration list for PBXProject "Motion and AR" */;
			compatibilityVersion = "Xcode 3.2";
			developmentRegion = English;
			hasScannedForEncodings = 0;
			knownRegions = (
				en,
				Base,
			);
			mainGroup = 34AB06CE1A4B14FD00E11873;
			productRefGroup = 34AB06D81A4B14FE00E11873 /* Products */;
			projectDirPath = "";
			projectRoot = "";
			targets = (
				34AB06D61A4B14FE00E11873 /* Motion and AR */,
				34AB06EF1A4B14FE00E11873 /* Motion and ARTests */,
			);
		};
/* End PBXProject section */

/* Begin PBXResourcesBuildPhase section */
		34AB06D51A4B14FE00E11873 /* Resources */ = {
			isa = PBXResourcesBuildPhase;
			buildActionMask = 2147483647;
			files = (
				34AB06E61A4B14FE00E11873 /* Main.storyboard in Resources */,
				34AB06EB1A4B14FE00E11873 /* LaunchScreen.xib in Resources */,
				34AB06E81A4B14FE00E11873 /* Images.xcassets in Resources */,
			);
			runOnlyForDeploymentPostprocessing = 0;
		};
		34AB06EE1A4B14FE00E11873 /* Resources */ = {
			isa = PBXResourcesBuildPhase;
			buildActionMask = 2147483647;
			files = (
			);
			runOnlyForDeploymentPostprocessing = 0;
		};
/* End PBXResourcesBuildPhase section */

/* Begin PBXSourcesBuildPhase section */
		34AB06D31A4B14FE00E11873 /* Sources */ = {
			isa = PBXSourcesBuildPhase;
			buildActionMask = 2147483647;
			files = (
				34AB06E31A4B14FE00E11873 /* ViewController.m in Sources */,
				34AB06E01A4B14FE00E11873 /* AppDelegate.m in Sources */,
				34AB06DD1A4B14FE00E11873 /* main.m in Sources */,
			);
			runOnlyForDeploymentPostprocessing = 0;
		};
		34AB06EC1A4B14FE00E11873 /* Sources */ = {
			isa = PBXSourcesBuildPhase;
			buildActionMask = 2147483647;
			files = (
				34AB06F71A4B14FE00E11873 /* Motion_and_ARTests.m in Sources */,
			);
			runOnlyForDeploymentPostprocessing = 0;
		};
/* End PBXSourcesBuildPhase section */

/* Begin PBXTargetDependency section */
		34AB06F21A4B14FE00E11873 /* PBXTargetDependency */ = {
			isa = PBXTargetDependency;
			target = 34AB06D61A4B14FE00E11873 /* Motion and AR */;
			targetProxy = 34AB06F11A4B14FE00E11873 /* PBXContainerItemProxy */;
		};
/* End PBXTargetDependency section */

/* Begin PBXVariantGroup section */
		34AB06E41A4B14FE00E11873 /* Main.storyboard */ = {
			isa = PBXVariantGroup;
			children = (
				34AB06E51A4B14FE00E11873 /* Base */,
			);
			name = Main.storyboard;
			sourceTree = "<group>";
		};
		34AB06E91A4B14FE00E11873 /* LaunchScreen.xib */ = {
			isa = PBXVariantGroup;
			children = (
				34AB06EA1A4B14FE00E11873 /* Base */,
			);
			name = LaunchScreen.xib;
			sourceTree = "<group>";
		};
/* End PBXVariantGroup section */

/* Begin XCBuildConfiguration section */
		34AB06F81A4B14FE00E11873 /* Debug */ = {
			isa = XCBuildConfiguration;
			buildSettings = {
				ALWAYS_SEARCH_USER_PATHS = NO;
				CLANG_CXX_LANGUAGE_STANDARD = "gnu++0x";
				CLANG_CXX_LIBRARY = "libc++";
				CLANG_ENABLE_MODULES = YES;
				CLANG_ENABLE_OBJC_ARC = YES;
				CLANG_WARN_BOOL_CONVERSION = YES;
				CLANG_WARN_CONSTANT_CONVERSION = YES;
				CLANG_WARN_DIRECT_OBJC_ISA_USAGE = YES_ERROR;
				CLANG_WARN_EMPTY_BODY = YES;
				CLANG_WARN_ENUM_CONVERSION = YES;
				CLANG_WARN_INT_CONVERSION = YES;
				CLANG_WARN_OBJC_ROOT_CLASS = YES_ERROR;
				CLANG_WARN_UNREACHABLE_CODE = YES;
				CLANG_WARN__DUPLICATE_METHOD_MATCH = YES;
				"CODE_SIGN_IDENTITY[sdk=iphoneos*]" = "iPhone Developer";
				COPY_PHASE_STRIP = NO;
				ENABLE_STRICT_OBJC_MSGSEND = YES;
				GCC_C_LANGUAGE_STANDARD = gnu99;
				GCC_DYNAMIC_NO_PIC = NO;
				GCC_OPTIMIZATION_LEVEL = 0;
				GCC_PREPROCESSOR_DEFINITIONS = (
					"DEBUG=1",
					"$(inherited)",
				);
				GCC_SYMBOLS_PRIVATE_EXTERN = NO;
				GCC_WARN_64_TO_32_BIT_CONVERSION = YES;
				GCC_WARN_ABOUT_RETURN_TYPE = YES_ERROR;
				GCC_WARN_UNDECLARED_SELECTOR = YES;
				GCC_WARN_UNINITIALIZED_AUTOS = YES_AGGRESSIVE;
				GCC_WARN_UNUSED_FUNCTION = YES;
				GCC_WARN_UNUSED_VARIABLE = YES;
				IPHONEOS_DEPLOYMENT_TARGET = 8.1;
				MTL_ENABLE_DEBUG_INFO = YES;
				ONLY_ACTIVE_ARCH = YES;
				SDKROOT = iphoneos;
				TARGETED_DEVICE_FAMILY = "1,2";
			};
			name = Debug;
		};
		34AB06F91A4B14FE00E11873 /* Release */ = {
			isa = XCBuildConfiguration;
			buildSettings = {
				ALWAYS_SEARCH_USER_PATHS = NO;
				CLANG_CXX_LANGUAGE_STANDARD = "gnu++0x";
				CLANG_CXX_LIBRARY = "libc++";
				CLANG_ENABLE_MODULES = YES;
				CLANG_ENABLE_OBJC_ARC = YES;
				CLANG_WARN_BOOL_CONVERSION = YES;
				CLANG_WARN_CONSTANT_CONVERSION = YES;
				CLANG_WARN_DIRECT_OBJC_ISA_USAGE = YES_ERROR;
				CLANG_WARN_EMPTY_BODY = YES;
				CLANG_WARN_ENUM_CONVERSION = YES;
				CLANG_WARN_INT_CONVERSION = YES;
				CLANG_WARN_OBJC_ROOT_CLASS = YES_ERROR;
				CLANG_WARN_UNREACHABLE_CODE = YES;
				CLANG_WARN__DUPLICATE_METHOD_MATCH = YES;
				"CODE_SIGN_IDENTITY[sdk=iphoneos*]" = "iPhone Developer";
				COPY_PHASE_STRIP = YES;
				ENABLE_NS_ASSERTIONS = NO;
				ENABLE_STRICT_OBJC_MSGSEND = YES;
				GCC_C_LANGUAGE_STANDARD = gnu99;
				GCC_WARN_64_TO_32_BIT_CONVERSION = YES;
				GCC_WARN_ABOUT_RETURN_TYPE = YES_ERROR;
				GCC_WARN_UNDECLARED_SELECTOR = YES;
				GCC_WARN_UNINITIALIZED_AUTOS = YES_AGGRESSIVE;
				GCC_WARN_UNUSED_FUNCTION = YES;
				GCC_WARN_UNUSED_VARIABLE = YES;
				IPHONEOS_DEPLOYMENT_TARGET = 8.1;
				MTL_ENABLE_DEBUG_INFO = NO;
				SDKROOT = iphoneos;
				TARGETED_DEVICE_FAMILY = "1,2";
				VALIDATE_PRODUCT = YES;
			};
			name = Release;
		};
		34AB06FB1A4B14FE00E11873 /* Debug */ = {
			isa = XCBuildConfiguration;
			buildSettings = {
				ASSETCATALOG_COMPILER_APPICON_NAME = AppIcon;
				INFOPLIST_FILE = "Motion and AR/Info.plist";
				LD_RUNPATH_SEARCH_PATHS = "$(inherited) @executable_path/Frameworks";
				PRODUCT_NAME = "$(TARGET_NAME)";
			};
			name = Debug;
		};
		34AB06FC1A4B14FE00E11873 /* Release */ = {
			isa = XCBuildConfiguration;
			buildSettings = {
				ASSETCATALOG_COMPILER_APPICON_NAME = AppIcon;
				INFOPLIST_FILE = "Motion and AR/Info.plist";
				LD_RUNPATH_SEARCH_PATHS = "$(inherited) @executable_path/Frameworks";
				PRODUCT_NAME = "$(TARGET_NAME)";
			};
			name = Release;
		};
		34AB06FE1A4B14FE00E11873 /* Debug */ = {
			isa = XCBuildConfiguration;
			buildSettings = {
				BUNDLE_LOADER = "$(TEST_HOST)";
				FRAMEWORK_SEARCH_PATHS = (
					"$(SDKROOT)/Developer/Library/Frameworks",
					"$(inherited)",
				);
				GCC_PREPROCESSOR_DEFINITIONS = (
					"DEBUG=1",
					"$(inherited)",
				);
				INFOPLIST_FILE = "Motion and ARTests/Info.plist";
				LD_RUNPATH_SEARCH_PATHS = "$(inherited) @executable_path/Frameworks @loader_path/Frameworks";
				PRODUCT_NAME = "$(TARGET_NAME)";
				TEST_HOST = "$(BUILT_PRODUCTS_DIR)/Motion and AR.app/Motion and AR";
			};
			name = Debug;
		};
		34AB06FF1A4B14FE00E11873 /* Release */ = {
			isa = XCBuildConfiguration;
			buildSettings = {
				BUNDLE_LOADER = "$(TEST_HOST)";
				FRAMEWORK_SEARCH_PATHS = (
					"$(SDKROOT)/Developer/Library/Frameworks",
					"$(inherited)",
				);
				INFOPLIST_FILE = "Motion and ARTests/Info.plist";
				LD_RUNPATH_SEARCH_PATHS = "$(inherited) @executable_path/Frameworks @loader_path/Frameworks";
				PRODUCT_NAME = "$(TARGET_NAME)";
				TEST_HOST = "$(BUILT_PRODUCTS_DIR)/Motion and AR.app/Motion and AR";
			};
			name = Release;
		};
/* End XCBuildConfiguration section */

/* Begin XCConfigurationList section */
		34AB06D21A4B14FE00E11873 /* Build configuration list for PBXProject "Motion and AR" */ = {
			isa = XCConfigurationList;
			buildConfigurations = (
				34AB06F81A4B14FE00E11873 /* Debug */,
				34AB06F91A4B14FE00E11873 /* Release */,
			);
			defaultConfigurationIsVisible = 0;
			defaultConfigurationName = Release;
		};
		34AB06FA1A4B14FE00E11873 /* Build configuration list for PBXNativeTarget "Motion and AR" */ = {
			isa = XCConfigurationList;
			buildConfigurations = (
				34AB06FB1A4B14FE00E11873 /* Debug */,
				34AB06FC1A4B14FE00E11873 /* Release */,
			);
			defaultConfigurationIsVisible = 0;
		};
		34AB06FD1A4B14FE00E11873 /* Build configuration list for PBXNativeTarget "Motion and ARTests" */ = {
			isa = XCConfigurationList;
			buildConfigurations = (
				34AB06FE1A4B14FE00E11873 /* Debug */,
				34AB06FF1A4B14FE00E11873 /* Release */,
			);
			defaultConfigurationIsVisible = 0;
		};
/* End XCConfigurationList section */
	};
	rootObject = 34AB06CF1A4B14FE00E11873 /* Project object */;
}
